
Microsoft Visual Studio Solution File, Format Version 12.00
# Visual Studio Version 17
VisualStudioVersion = 17.7.34003.232
MinimumVisualStudioVersion = 10.0.40219.1
Project("{FAE04EC0-301F-11D3-BF4B-00C04F79EFBC}") = "Example1", "Example1\Example1.csproj", "{C0C98903-354B-489C-BA2B-02C4A1FF3500}"
EndProject
Project("{FAE04EC0-301F-11D3-BF4B-00C04F79EFBC}") = "Example2", "Example2\Example2.csproj", "{2C701374-8E35-4EDF-B944-8FA1DE5C6201}"
EndProject
Global
	GlobalSection(SolutionConfigurationPlatforms) = preSolution
		Debug|Any CPU = Debug|Any CPU
		Release|Any CPU = Release|Any CPU
	EndGlobalSection
	GlobalSection(ProjectConfigurationPlatforms) = postSolution
		{C0C98903-354B-489C-BA2B-02C4A1FF3500}.Debug|Any CPU.ActiveCfg = Debug|Any CPU
		{C0C98903-354B-489C-BA2B-02C4A1FF3500}.Debug|Any CPU.Build.0 = Debug|Any CPU
		{C0C98903-354B-489C-BA2B-02C4A1FF3500}.Release|Any CPU.ActiveCfg = Release|Any CPU
		{C0C98903-354B-489C-BA2B-02C4A1FF3500}.Release|Any CPU.Build.0 = Release|Any CPU
		{2C701374-8E35-4EDF-B944-8FA1DE5C6201}.Debug|Any CPU.ActiveCfg = Debug|Any CPU
		{2C701374-8E35-4EDF-B944-8FA1DE5C6201}.Debug|Any CPU.Build.0 = Debug|Any CPU
		{2C701374-8E35-4EDF-B944-8FA1DE5C6201}.Release|Any CPU.ActiveCfg = Release|Any CPU
		{2C701374-8E35-4EDF-B944-8FA1DE5C6201}.Release|Any CPU.Build.0 = Release|Any CPU
	EndGlobalSection
	GlobalSection(SolutionProperties) = preSolution
		HideSolutionNode = FALSE
	EndGlobalSection
	GlobalSection(ExtensibilityGlobals) = postSolution
		SolutionGuid = {2324269F-5EC9-4D8D-A968-83F27D280E45}
	EndGlobalSection
EndGlobal
